
Microsoft Visual Studio Solution File, Format Version 12.00
# Visual Studio Version 16
VisualStudioVersion = 25.0.1704.2
MinimumVisualStudioVersion = 10.0.40219.1
Project("{FAE04EC0-301F-11D3-BF4B-00C04F79EFBC}") = "Homework1_6_11", "Homework1_6_11\Homework1_6_11.csproj", "{E6FF782D-D036-4531-AE64-75D66B2A1978}"
EndProject
Global
	GlobalSection(SolutionConfigurationPlatforms) = preSolution
		Debug|Any CPU = Debug|Any CPU
		Release|Any CPU = Release|Any CPU
	EndGlobalSection
	GlobalSection(ProjectConfigurationPlatforms) = postSolution
		{E6FF782D-D036-4531-AE64-75D66B2A1978}.Debug|Any CPU.ActiveCfg = Debug|Any CPU
		{E6FF782D-D036-4531-AE64-75D66B2A1978}.Debug|Any CPU.Build.0 = Debug|Any CPU
		{E6FF782D-D036-4531-AE64-75D66B2A1978}.Release|Any CPU.ActiveCfg = Release|Any CPU
		{E6FF782D-D036-4531-AE64-75D66B2A1978}.Release|Any CPU.Build.0 = Release|Any CPU
	EndGlobalSection
	GlobalSection(SolutionProperties) = preSolution
		HideSolutionNode = FALSE
	EndGlobalSection
	GlobalSection(ExtensibilityGlobals) = postSolution
		SolutionGuid = {9495295F-76C2-47D7-8E11-004C93DCCFF2}
	EndGlobalSection
EndGlobal
